{
  "requires": true,
  "lockfileVersion": 1,
  "dependencies": {
    "mux.js": {
      "version": "5.0.1",
      "resolved": "https://registry.npmjs.org/mux.js/-/mux.js-5.0.1.tgz",
      "integrity": "sha512-yfmJ9CaLGSyRnEwqwzvISSZe6EdcvXIsgapZfuNNFuUQUlYDwltnCgZqV6IG90daY4dYTemK/hxMoxI1bB6RjA=="
    },
    "shaka-player": {
      "version": "2.5.0-beta2",
      "resolved": "https://registry.npmjs.org/shaka-player/-/shaka-player-2.5.0-beta2.tgz",
      "integrity": "sha512-x65ZTBFznldScB7SU7QmraA61c3b0YPfGiAd/3HPCUOeBLN5iOmy99TUzMu90dbP8auKbnJ+o9h1zwS8PDikaA=="
    }
  }
}
